
Microsoft Visual Studio Solution File, Format Version 12.00
# Visual Studio Version 17
VisualStudioVersion = 17.13.35913.81 d17.13
MinimumVisualStudioVersion = 10.0.40219.1
Project("{FAE04EC0-301F-11D3-BF4B-00C04F79EFBC}") = "LearnBlazor", "LearnBlazor.csproj", "{DA3C757B-BA1A-4A8D-A3FF-5D59E8A2620F}"
EndProject
Global
	GlobalSection(SolutionConfigurationPlatforms) = preSolution
		Debug|Any CPU = Debug|Any CPU
		Release|Any CPU = Release|Any CPU
	EndGlobalSection
	GlobalSection(ProjectConfigurationPlatforms) = postSolution
		{DA3C757B-BA1A-4A8D-A3FF-5D59E8A2620F}.Debug|Any CPU.ActiveCfg = Debug|Any CPU
		{DA3C757B-BA1A-4A8D-A3FF-5D59E8A2620F}.Debug|Any CPU.Build.0 = Debug|Any CPU
		{DA3C757B-BA1A-4A8D-A3FF-5D59E8A2620F}.Release|Any CPU.ActiveCfg = Release|Any CPU
		{DA3C757B-BA1A-4A8D-A3FF-5D59E8A2620F}.Release|Any CPU.Build.0 = Release|Any CPU
	EndGlobalSection
	GlobalSection(SolutionProperties) = preSolution
		HideSolutionNode = FALSE
	EndGlobalSection
	GlobalSection(ExtensibilityGlobals) = postSolution
		SolutionGuid = {F06C4732-F678-4092-9955-8E696F190F62}
	EndGlobalSection
EndGlobal
